// !$*UTF8*$!
{
	archiveVersion = 1;
	classes = {
	};
	objectVersion = 46;
	objects = {

/* Begin PBXBuildFile section */
		43759B4762AA269357A4E50D /* libPods-Hromadske.a in Frameworks */ = {isa = PBXBuildFile; fileRef = C1AD7FFDC3FB61C4705150C0 /* libPods-Hromadske.a */; };
		4F74DBC21B6F8AF7003B8BEA /* Articles.m in Sources */ = {isa = PBXBuildFile; fileRef = 4F74DBBF1B6F8AF7003B8BEA /* Articles.m */; };
		4F74DBC31B6F8AF7003B8BEA /* Categories.m in Sources */ = {isa = PBXBuildFile; fileRef = 4F74DBC11B6F8AF7003B8BEA /* Categories.m */; };
		8405379C1AB776E500AC7971 /* MenuViewController.m in Sources */ = {isa = PBXBuildFile; fileRef = 8405379B1AB776E500AC7971 /* MenuViewController.m */; };
		840DD8DA1ABB4C1B00EC6923 /* TeamViewCell.m in Sources */ = {isa = PBXBuildFile; fileRef = 840DD8D81ABB4C1B00EC6923 /* TeamViewCell.m */; };
		840DD8DB1ABB4C1B00EC6923 /* TeamViewCell.xib in Resources */ = {isa = PBXBuildFile; fileRef = 840DD8D91ABB4C1B00EC6923 /* TeamViewCell.xib */; };
		841032711AE41A20006E34C4 /* MenuItemCell.m in Sources */ = {isa = PBXBuildFile; fileRef = 8410326F1AE41A20006E34C4 /* MenuItemCell.m */; };
		841032721AE41A20006E34C4 /* MenuItemCell.xib in Resources */ = {isa = PBXBuildFile; fileRef = 841032701AE41A20006E34C4 /* MenuItemCell.xib */; };
		8434AA2B1ACB5DD000523C10 /* HelpProject.m in Sources */ = {isa = PBXBuildFile; fileRef = 8434AA2A1ACB5DD000523C10 /* HelpProject.m */; };
		8436031C1AEA629600EC66EA /* NewArticlesView.m in Sources */ = {isa = PBXBuildFile; fileRef = 8436031B1AEA629600EC66EA /* NewArticlesView.m */; };
		843603201AEA687400EC66EA /* NewArticlesView.xib in Resources */ = {isa = PBXBuildFile; fileRef = 8436031F1AEA687400EC66EA /* NewArticlesView.xib */; };
		844CDDC31AF56F750031470D /* HTMLManager.m in Sources */ = {isa = PBXBuildFile; fileRef = 844CDDC21AF56F750031470D /* HTMLManager.m */; };
		845742911AEAD2F4000AF3DD /* NetworkTracker.m in Sources */ = {isa = PBXBuildFile; fileRef = 845742901AEAD2F4000AF3DD /* NetworkTracker.m */; };
		845BA1571AB777AF000E7204 /* ControllersManager.m in Sources */ = {isa = PBXBuildFile; fileRef = 845BA1561AB777AF000E7204 /* ControllersManager.m */; };
		8472D1381ADDA8E600F188E9 /* Video.m in Sources */ = {isa = PBXBuildFile; fileRef = 8472D1371ADDA8E600F188E9 /* Video.m */; };
		8472D13E1ADDA8E600F188E9 /* Link.m in Sources */ = {isa = PBXBuildFile; fileRef = 8472D13D1ADDA8E600F188E9 /* Link.m */; };
		8472D1411ADDA8E600F188E9 /* Photo.m in Sources */ = {isa = PBXBuildFile; fileRef = 8472D1401ADDA8E600F188E9 /* Photo.m */; };
		847EEFE31AE1A95800E600B4 /* NewsDetailsViewController.m in Sources */ = {isa = PBXBuildFile; fileRef = 847EEFE21AE1A95800E600B4 /* NewsDetailsViewController.m */; };
		849D0A641AE1A070003D9DE1 /* DateFormatter.m in Sources */ = {isa = PBXBuildFile; fileRef = 849D0A631AE1A070003D9DE1 /* DateFormatter.m */; };
		849D287A1ABB39C300AB07BC /* HelpProjectViewController.m in Sources */ = {isa = PBXBuildFile; fileRef = 849D28791ABB39C300AB07BC /* HelpProjectViewController.m */; };
		849D287D1ABB3B8800AB07BC /* ContactsViewController.m in Sources */ = {isa = PBXBuildFile; fileRef = 849D287C1ABB3B8800AB07BC /* ContactsViewController.m */; };
		849F82761AE955ED00EF2125 /* StreamView.m in Sources */ = {isa = PBXBuildFile; fileRef = 849F82751AE955ED00EF2125 /* StreamView.m */; };
		849F82781AE9562200EF2125 /* StreamView.xib in Resources */ = {isa = PBXBuildFile; fileRef = 849F82771AE9562200EF2125 /* StreamView.xib */; };
		84A159951AF002F8008AD999 /* kopilka.jpg in Resources */ = {isa = PBXBuildFile; fileRef = 84A159941AF002F8008AD999 /* kopilka.jpg */; };
		84A159971AF00A3E008AD999 /* GoogleMaps.framework in Frameworks */ = {isa = PBXBuildFile; fileRef = 84A159961AF00A3E008AD999 /* GoogleMaps.framework */; };
		84A159991AF00B97008AD999 /* GoogleMaps.bundle in Resources */ = {isa = PBXBuildFile; fileRef = 84A159981AF00B97008AD999 /* GoogleMaps.bundle */; };
		84A159A61AF00D0C008AD999 /* AVFoundation.framework in Frameworks */ = {isa = PBXBuildFile; fileRef = 84A1599A1AF00D0C008AD999 /* AVFoundation.framework */; };
		84A159A71AF00D0C008AD999 /* CoreData.framework in Frameworks */ = {isa = PBXBuildFile; fileRef = 84A1599B1AF00D0C008AD999 /* CoreData.framework */; };
		84A159A81AF00D0C008AD999 /* CoreLocation.framework in Frameworks */ = {isa = PBXBuildFile; fileRef = 84A1599C1AF00D0C008AD999 /* CoreLocation.framework */; };
		84A159A91AF00D0C008AD999 /* CoreText.framework in Frameworks */ = {isa = PBXBuildFile; fileRef = 84A1599D1AF00D0C008AD999 /* CoreText.framework */; };
		84A159AA1AF00D0C008AD999 /* GLKit.framework in Frameworks */ = {isa = PBXBuildFile; fileRef = 84A1599E1AF00D0C008AD999 /* GLKit.framework */; };
		84A159AB1AF00D0C008AD999 /* ImageIO.framework in Frameworks */ = {isa = PBXBuildFile; fileRef = 84A1599F1AF00D0C008AD999 /* ImageIO.framework */; };
		84A159AC1AF00D0C008AD999 /* libc++.dylib in Frameworks */ = {isa = PBXBuildFile; fileRef = 84A159A01AF00D0C008AD999 /* libc++.dylib */; };
		84A159AD1AF00D0C008AD999 /* libicucore.dylib in Frameworks */ = {isa = PBXBuildFile; fileRef = 84A159A11AF00D0C008AD999 /* libicucore.dylib */; };
		84A159AE1AF00D0C008AD999 /* libz.dylib in Frameworks */ = {isa = PBXBuildFile; fileRef = 84A159A21AF00D0C008AD999 /* libz.dylib */; };
		84A159AF1AF00D0C008AD999 /* OpenGLES.framework in Frameworks */ = {isa = PBXBuildFile; fileRef = 84A159A31AF00D0C008AD999 /* OpenGLES.framework */; };
		84A159B01AF00D0C008AD999 /* QuartzCore.framework in Frameworks */ = {isa = PBXBuildFile; fileRef = 84A159A41AF00D0C008AD999 /* QuartzCore.framework */; };
		84A159B11AF00D0C008AD999 /* SystemConfiguration.framework in Frameworks */ = {isa = PBXBuildFile; fileRef = 84A159A51AF00D0C008AD999 /* SystemConfiguration.framework */; };
		84A2A6891ABB7D59004862E6 /* RemoteManager.m in Sources */ = {isa = PBXBuildFile; fileRef = 84A2A6881ABB7D59004862E6 /* RemoteManager.m */; };
		84A439381AE5BB67002C0A98 /* RateAndWeather.m in Sources */ = {isa = PBXBuildFile; fileRef = 84A439371AE5BB67002C0A98 /* RateAndWeather.m */; };
		84A9972E1AC9DA03007876F1 /* BaseViewController.m in Sources */ = {isa = PBXBuildFile; fileRef = 84A9972D1AC9DA03007876F1 /* BaseViewController.m */; };
		84C22FD61AB77282006C8C2E /* main.m in Sources */ = {isa = PBXBuildFile; fileRef = 84C22FD51AB77282006C8C2E /* main.m */; };
		84C22FD91AB77282006C8C2E /* AppDelegate.m in Sources */ = {isa = PBXBuildFile; fileRef = 84C22FD81AB77282006C8C2E /* AppDelegate.m */; };
		84C22FDC1AB77283006C8C2E /* Hromadske.xcdatamodeld in Sources */ = {isa = PBXBuildFile; fileRef = 84C22FDA1AB77283006C8C2E /* Hromadske.xcdatamodeld */; };
		84C22FE21AB77283006C8C2E /* Main.storyboard in Resources */ = {isa = PBXBuildFile; fileRef = 84C22FE01AB77283006C8C2E /* Main.storyboard */; };
		84C22FE41AB77283006C8C2E /* Images.xcassets in Resources */ = {isa = PBXBuildFile; fileRef = 84C22FE31AB77283006C8C2E /* Images.xcassets */; };
		84C22FF31AB77283006C8C2E /* HromadskeTests.m in Sources */ = {isa = PBXBuildFile; fileRef = 84C22FF21AB77283006C8C2E /* HromadskeTests.m */; };
		84C30A891ACF38E000D44E8C /* NewsTableViewCell.m in Sources */ = {isa = PBXBuildFile; fileRef = 84C30A871ACF38E000D44E8C /* NewsTableViewCell.m */; };
		84C30A8A1ACF38E000D44E8C /* NewsTableViewCell.xib in Resources */ = {isa = PBXBuildFile; fileRef = 84C30A881ACF38E000D44E8C /* NewsTableViewCell.xib */; };
		84DB4E121AB7774100D7BA12 /* NewsViewController.m in Sources */ = {isa = PBXBuildFile; fileRef = 84DB4E111AB7774100D7BA12 /* NewsViewController.m */; };
		84DB4E151AB7776400D7BA12 /* TeamViewController.m in Sources */ = {isa = PBXBuildFile; fileRef = 84DB4E141AB7776400D7BA12 /* TeamViewController.m */; };
		84EA84071ACB5B2B00D51EB0 /* Contacts.m in Sources */ = {isa = PBXBuildFile; fileRef = 84EA84061ACB5B2B00D51EB0 /* Contacts.m */; };
		84EBBAF41AC4527E00DF6E9D /* Employe.m in Sources */ = {isa = PBXBuildFile; fileRef = 84EBBAF31AC4527E00DF6E9D /* Employe.m */; };
		84EBBAF71AC454D900DF6E9D /* DataManager.m in Sources */ = {isa = PBXBuildFile; fileRef = 84EBBAF61AC454D900DF6E9D /* DataManager.m */; };
		929081C21B03792E00AB8736 /* libsqlite3.dylib in Frameworks */ = {isa = PBXBuildFile; fileRef = 929081C11B03792E00AB8736 /* libsqlite3.dylib */; };
		929081C41B03798000AB8736 /* libGoogleAnalyticsServices.a in Frameworks */ = {isa = PBXBuildFile; fileRef = 929081C31B03798000AB8736 /* libGoogleAnalyticsServices.a */; };
/* End PBXBuildFile section */

/* Begin PBXContainerItemProxy section */
		84C22FED1AB77283006C8C2E /* PBXContainerItemProxy */ = {
			isa = PBXContainerItemProxy;
			containerPortal = 84C22FC81AB77282006C8C2E /* Project object */;
			proxyType = 1;
			remoteGlobalIDString = 84C22FCF1AB77282006C8C2E;
			remoteInfo = Hromadske;
		};
/* End PBXContainerItemProxy section */

/* Begin PBXFileReference section */
		1938097AA927F14D5DD9C3EF /* Pods-Hromadske.release.xcconfig */ = {isa = PBXFileReference; includeInIndex = 1; lastKnownFileType = text.xcconfig; name = "Pods-Hromadske.release.xcconfig"; path = "Pods/Target Support Files/Pods-Hromadske/Pods-Hromadske.release.xcconfig"; sourceTree = "<group>"; };
		42D1E92929CBD39F9F08E36D /* Pods-Hromadske.debug.xcconfig */ = {isa = PBXFileReference; includeInIndex = 1; lastKnownFileType = text.xcconfig; name = "Pods-Hromadske.debug.xcconfig"; path = "Pods/Target Support Files/Pods-Hromadske/Pods-Hromadske.debug.xcconfig"; sourceTree = "<group>"; };
		4F74DBBE1B6F8AF7003B8BEA /* Articles.h */ = {isa = PBXFileReference; fileEncoding = 4; lastKnownFileType = sourcecode.c.h; path = Articles.h; sourceTree = "<group>"; };
		4F74DBBF1B6F8AF7003B8BEA /* Articles.m */ = {isa = PBXFileReference; fileEncoding = 4; lastKnownFileType = sourcecode.c.objc; path = Articles.m; sourceTree = "<group>"; };
		4F74DBC01B6F8AF7003B8BEA /* Categories.h */ = {isa = PBXFileReference; fileEncoding = 4; lastKnownFileType = sourcecode.c.h; path = Categories.h; sourceTree = "<group>"; };
		4F74DBC11B6F8AF7003B8BEA /* Categories.m */ = {isa = PBXFileReference; fileEncoding = 4; lastKnownFileType = sourcecode.c.objc; path = Categories.m; sourceTree = "<group>"; };
		8405379A1AB776E500AC7971 /* MenuViewController.h */ = {isa = PBXFileReference; fileEncoding = 4; lastKnownFileType = sourcecode.c.h; path = MenuViewController.h; sourceTree = "<group>"; };
		8405379B1AB776E500AC7971 /* MenuViewController.m */ = {isa = PBXFileReference; fileEncoding = 4; lastKnownFileType = sourcecode.c.objc; path = MenuViewController.m; sourceTree = "<group>"; };
		840DD8D71ABB4C1B00EC6923 /* TeamViewCell.h */ = {isa = PBXFileReference; fileEncoding = 4; lastKnownFileType = sourcecode.c.h; path = TeamViewCell.h; sourceTree = "<group>"; };
		840DD8D81ABB4C1B00EC6923 /* TeamViewCell.m */ = {isa = PBXFileReference; fileEncoding = 4; lastKnownFileType = sourcecode.c.objc; path = TeamViewCell.m; sourceTree = "<group>"; };
		840DD8D91ABB4C1B00EC6923 /* TeamViewCell.xib */ = {isa = PBXFileReference; fileEncoding = 4; lastKnownFileType = file.xib; path = TeamViewCell.xib; sourceTree = "<group>"; };
		8410326E1AE41A20006E34C4 /* MenuItemCell.h */ = {isa = PBXFileReference; fileEncoding = 4; lastKnownFileType = sourcecode.c.h; path = MenuItemCell.h; sourceTree = "<group>"; };
		8410326F1AE41A20006E34C4 /* MenuItemCell.m */ = {isa = PBXFileReference; fileEncoding = 4; lastKnownFileType = sourcecode.c.objc; path = MenuItemCell.m; sourceTree = "<group>"; };
		841032701AE41A20006E34C4 /* MenuItemCell.xib */ = {isa = PBXFileReference; fileEncoding = 4; lastKnownFileType = file.xib; path = MenuItemCell.xib; sourceTree = "<group>"; };
		8434AA291ACB5DD000523C10 /* HelpProject.h */ = {isa = PBXFileReference; fileEncoding = 4; lastKnownFileType = sourcecode.c.h; path = HelpProject.h; sourceTree = "<group>"; };
		8434AA2A1ACB5DD000523C10 /* HelpProject.m */ = {isa = PBXFileReference; fileEncoding = 4; lastKnownFileType = sourcecode.c.objc; path = HelpProject.m; sourceTree = "<group>"; };
		8436031A1AEA629600EC66EA /* NewArticlesView.h */ = {isa = PBXFileReference; fileEncoding = 4; lastKnownFileType = sourcecode.c.h; path = NewArticlesView.h; sourceTree = "<group>"; };
		8436031B1AEA629600EC66EA /* NewArticlesView.m */ = {isa = PBXFileReference; fileEncoding = 4; lastKnownFileType = sourcecode.c.objc; path = NewArticlesView.m; sourceTree = "<group>"; };
		8436031F1AEA687400EC66EA /* NewArticlesView.xib */ = {isa = PBXFileReference; fileEncoding = 4; lastKnownFileType = file.xib; path = NewArticlesView.xib; sourceTree = "<group>"; };
		844CDDC11AF56F750031470D /* HTMLManager.h */ = {isa = PBXFileReference; fileEncoding = 4; lastKnownFileType = sourcecode.c.h; path = HTMLManager.h; sourceTree = "<group>"; };
		844CDDC21AF56F750031470D /* HTMLManager.m */ = {isa = PBXFileReference; fileEncoding = 4; lastKnownFileType = sourcecode.c.objc; path = HTMLManager.m; sourceTree = "<group>"; };
		8457428F1AEAD2F4000AF3DD /* NetworkTracker.h */ = {isa = PBXFileReference; fileEncoding = 4; lastKnownFileType = sourcecode.c.h; path = NetworkTracker.h; sourceTree = "<group>"; };
		845742901AEAD2F4000AF3DD /* NetworkTracker.m */ = {isa = PBXFileReference; fileEncoding = 4; lastKnownFileType = sourcecode.c.objc; path = NetworkTracker.m; sourceTree = "<group>"; };
		845BA1551AB777AF000E7204 /* ControllersManager.h */ = {isa = PBXFileReference; fileEncoding = 4; lastKnownFileType = sourcecode.c.h; path = ControllersManager.h; sourceTree = "<group>"; };
		845BA1561AB777AF000E7204 /* ControllersManager.m */ = {isa = PBXFileReference; fileEncoding = 4; lastKnownFileType = sourcecode.c.objc; path = ControllersManager.m; sourceTree = "<group>"; };
		8472D1361ADDA8E600F188E9 /* Video.h */ = {isa = PBXFileReference; fileEncoding = 4; lastKnownFileType = sourcecode.c.h; path = Video.h; sourceTree = "<group>"; };
		8472D1371ADDA8E600F188E9 /* Video.m */ = {isa = PBXFileReference; fileEncoding = 4; lastKnownFileType = sourcecode.c.objc; path = Video.m; sourceTree = "<group>"; };
		8472D13C1ADDA8E600F188E9 /* Link.h */ = {isa = PBXFileReference; fileEncoding = 4; lastKnownFileType = sourcecode.c.h; path = Link.h; sourceTree = "<group>"; };
		8472D13D1ADDA8E600F188E9 /* Link.m */ = {isa = PBXFileReference; fileEncoding = 4; lastKnownFileType = sourcecode.c.objc; path = Link.m; sourceTree = "<group>"; };
		8472D13F1ADDA8E600F188E9 /* Photo.h */ = {isa = PBXFileReference; fileEncoding = 4; lastKnownFileType = sourcecode.c.h; path = Photo.h; sourceTree = "<group>"; };
		8472D1401ADDA8E600F188E9 /* Photo.m */ = {isa = PBXFileReference; fileEncoding = 4; lastKnownFileType = sourcecode.c.objc; path = Photo.m; sourceTree = "<group>"; };
		847D71D21AE286EF000477FE /* Constants.h */ = {isa = PBXFileReference; fileEncoding = 4; lastKnownFileType = sourcecode.c.h; path = Constants.h; sourceTree = "<group>"; };
		847EEFE11AE1A95800E600B4 /* NewsDetailsViewController.h */ = {isa = PBXFileReference; fileEncoding = 4; lastKnownFileType = sourcecode.c.h; path = NewsDetailsViewController.h; sourceTree = "<group>"; };
		847EEFE21AE1A95800E600B4 /* NewsDetailsViewController.m */ = {isa = PBXFileReference; fileEncoding = 4; lastKnownFileType = sourcecode.c.objc; path = NewsDetailsViewController.m; sourceTree = "<group>"; };
		849D0A621AE1A070003D9DE1 /* DateFormatter.h */ = {isa = PBXFileReference; fileEncoding = 4; lastKnownFileType = sourcecode.c.h; path = DateFormatter.h; sourceTree = "<group>"; };
		849D0A631AE1A070003D9DE1 /* DateFormatter.m */ = {isa = PBXFileReference; fileEncoding = 4; lastKnownFileType = sourcecode.c.objc; path = DateFormatter.m; sourceTree = "<group>"; };
		849D28781ABB39C300AB07BC /* HelpProjectViewController.h */ = {isa = PBXFileReference; fileEncoding = 4; lastKnownFileType = sourcecode.c.h; path = HelpProjectViewController.h; sourceTree = "<group>"; };
		849D28791ABB39C300AB07BC /* HelpProjectViewController.m */ = {isa = PBXFileReference; fileEncoding = 4; lastKnownFileType = sourcecode.c.objc; path = HelpProjectViewController.m; sourceTree = "<group>"; };
		849D287B1ABB3B8800AB07BC /* ContactsViewController.h */ = {isa = PBXFileReference; fileEncoding = 4; lastKnownFileType = sourcecode.c.h; path = ContactsViewController.h; sourceTree = "<group>"; };
		849D287C1ABB3B8800AB07BC /* ContactsViewController.m */ = {isa = PBXFileReference; fileEncoding = 4; lastKnownFileType = sourcecode.c.objc; path = ContactsViewController.m; sourceTree = "<group>"; };
		849F82741AE955ED00EF2125 /* StreamView.h */ = {isa = PBXFileReference; fileEncoding = 4; lastKnownFileType = sourcecode.c.h; path = StreamView.h; sourceTree = "<group>"; };
		849F82751AE955ED00EF2125 /* StreamView.m */ = {isa = PBXFileReference; fileEncoding = 4; lastKnownFileType = sourcecode.c.objc; path = StreamView.m; sourceTree = "<group>"; };
		849F82771AE9562200EF2125 /* StreamView.xib */ = {isa = PBXFileReference; fileEncoding = 4; lastKnownFileType = file.xib; path = StreamView.xib; sourceTree = "<group>"; };
		84A159941AF002F8008AD999 /* kopilka.jpg */ = {isa = PBXFileReference; lastKnownFileType = image.jpeg; path = kopilka.jpg; sourceTree = "<group>"; };
		84A159961AF00A3E008AD999 /* GoogleMaps.framework */ = {isa = PBXFileReference; lastKnownFileType = wrapper.framework; path = GoogleMaps.framework; sourceTree = "<group>"; };
		84A159981AF00B97008AD999 /* GoogleMaps.bundle */ = {isa = PBXFileReference; lastKnownFileType = "wrapper.plug-in"; name = GoogleMaps.bundle; path = GoogleMaps.framework/Versions/A/Resources/GoogleMaps.bundle; sourceTree = SOURCE_ROOT; };
		84A1599A1AF00D0C008AD999 /* AVFoundation.framework */ = {isa = PBXFileReference; lastKnownFileType = wrapper.framework; name = AVFoundation.framework; path = System/Library/Frameworks/AVFoundation.framework; sourceTree = SDKROOT; };
		84A1599B1AF00D0C008AD999 /* CoreData.framework */ = {isa = PBXFileReference; lastKnownFileType = wrapper.framework; name = CoreData.framework; path = System/Library/Frameworks/CoreData.framework; sourceTree = SDKROOT; };
		84A1599C1AF00D0C008AD999 /* CoreLocation.framework */ = {isa = PBXFileReference; lastKnownFileType = wrapper.framework; name = CoreLocation.framework; path = System/Library/Frameworks/CoreLocation.framework; sourceTree = SDKROOT; };
		84A1599D1AF00D0C008AD999 /* CoreText.framework */ = {isa = PBXFileReference; lastKnownFileType = wrapper.framework; name = CoreText.framework; path = System/Library/Frameworks/CoreText.framework; sourceTree = SDKROOT; };
		84A1599E1AF00D0C008AD999 /* GLKit.framework */ = {isa = PBXFileReference; lastKnownFileType = wrapper.framework; name = GLKit.framework; path = System/Library/Frameworks/GLKit.framework; sourceTree = SDKROOT; };
		84A1599F1AF00D0C008AD999 /* ImageIO.framework */ = {isa = PBXFileReference; lastKnownFileType = wrapper.framework; name = ImageIO.framework; path = System/Library/Frameworks/ImageIO.framework; sourceTree = SDKROOT; };
		84A159A01AF00D0C008AD999 /* libc++.dylib */ = {isa = PBXFileReference; lastKnownFileType = "compiled.mach-o.dylib"; name = "libc++.dylib"; path = "usr/lib/libc++.dylib"; sourceTree = SDKROOT; };
		84A159A11AF00D0C008AD999 /* libicucore.dylib */ = {isa = PBXFileReference; lastKnownFileType = "compiled.mach-o.dylib"; name = libicucore.dylib; path = usr/lib/libicucore.dylib; sourceTree = SDKROOT; };
		84A159A21AF00D0C008AD999 /* libz.dylib */ = {isa = PBXFileReference; lastKnownFileType = "compiled.mach-o.dylib"; name = libz.dylib; path = usr/lib/libz.dylib; sourceTree = SDKROOT; };
		84A159A31AF00D0C008AD999 /* OpenGLES.framework */ = {isa = PBXFileReference; lastKnownFileType = wrapper.framework; name = OpenGLES.framework; path = System/Library/Frameworks/OpenGLES.framework; sourceTree = SDKROOT; };
		84A159A41AF00D0C008AD999 /* QuartzCore.framework */ = {isa = PBXFileReference; lastKnownFileType = wrapper.framework; name = QuartzCore.framework; path = System/Library/Frameworks/QuartzCore.framework; sourceTree = SDKROOT; };
		84A159A51AF00D0C008AD999 /* SystemConfiguration.framework */ = {isa = PBXFileReference; lastKnownFileType = wrapper.framework; name = SystemConfiguration.framework; path = System/Library/Frameworks/SystemConfiguration.framework; sourceTree = SDKROOT; };
		84A2A6871ABB7D59004862E6 /* RemoteManager.h */ = {isa = PBXFileReference; fileEncoding = 4; lastKnownFileType = sourcecode.c.h; path = RemoteManager.h; sourceTree = "<group>"; };
		84A2A6881ABB7D59004862E6 /* RemoteManager.m */ = {isa = PBXFileReference; fileEncoding = 4; lastKnownFileType = sourcecode.c.objc; path = RemoteManager.m; sourceTree = "<group>"; };
		84A439361AE5BB67002C0A98 /* RateAndWeather.h */ = {isa = PBXFileReference; fileEncoding = 4; lastKnownFileType = sourcecode.c.h; path = RateAndWeather.h; sourceTree = "<group>"; };
		84A439371AE5BB67002C0A98 /* RateAndWeather.m */ = {isa = PBXFileReference; fileEncoding = 4; lastKnownFileType = sourcecode.c.objc; path = RateAndWeather.m; sourceTree = "<group>"; };
		84A9972C1AC9DA03007876F1 /* BaseViewController.h */ = {isa = PBXFileReference; fileEncoding = 4; lastKnownFileType = sourcecode.c.h; path = BaseViewController.h; sourceTree = "<group>"; };
		84A9972D1AC9DA03007876F1 /* BaseViewController.m */ = {isa = PBXFileReference; fileEncoding = 4; lastKnownFileType = sourcecode.c.objc; path = BaseViewController.m; sourceTree = "<group>"; };
		84C22FD01AB77282006C8C2E /* hromadske.app */ = {isa = PBXFileReference; explicitFileType = wrapper.application; includeInIndex = 0; path = hromadske.app; sourceTree = BUILT_PRODUCTS_DIR; };
		84C22FD41AB77282006C8C2E /* Info.plist */ = {isa = PBXFileReference; lastKnownFileType = text.plist.xml; path = Info.plist; sourceTree = "<group>"; };
		84C22FD51AB77282006C8C2E /* main.m */ = {isa = PBXFileReference; lastKnownFileType = sourcecode.c.objc; path = main.m; sourceTree = "<group>"; };
		84C22FD71AB77282006C8C2E /* AppDelegate.h */ = {isa = PBXFileReference; lastKnownFileType = sourcecode.c.h; path = AppDelegate.h; sourceTree = "<group>"; };
		84C22FD81AB77282006C8C2E /* AppDelegate.m */ = {isa = PBXFileReference; lastKnownFileType = sourcecode.c.objc; path = AppDelegate.m; sourceTree = "<group>"; };
		84C22FDB1AB77283006C8C2E /* Hromadske.xcdatamodel */ = {isa = PBXFileReference; lastKnownFileType = wrapper.xcdatamodel; path = Hromadske.xcdatamodel; sourceTree = "<group>"; };
		84C22FE11AB77283006C8C2E /* Base */ = {isa = PBXFileReference; lastKnownFileType = file.storyboard; name = Base; path = Base.lproj/Main.storyboard; sourceTree = "<group>"; };
		84C22FE31AB77283006C8C2E /* Images.xcassets */ = {isa = PBXFileReference; lastKnownFileType = folder.assetcatalog; path = Images.xcassets; sourceTree = "<group>"; };
		84C22FEC1AB77283006C8C2E /* HromadskeTests.xctest */ = {isa = PBXFileReference; explicitFileType = wrapper.cfbundle; includeInIndex = 0; path = HromadskeTests.xctest; sourceTree = BUILT_PRODUCTS_DIR; };
		84C22FF11AB77283006C8C2E /* Info.plist */ = {isa = PBXFileReference; lastKnownFileType = text.plist.xml; path = Info.plist; sourceTree = "<group>"; };
		84C22FF21AB77283006C8C2E /* HromadskeTests.m */ = {isa = PBXFileReference; lastKnownFileType = sourcecode.c.objc; path = HromadskeTests.m; sourceTree = "<group>"; };
		84C30A861ACF38E000D44E8C /* NewsTableViewCell.h */ = {isa = PBXFileReference; fileEncoding = 4; lastKnownFileType = sourcecode.c.h; path = NewsTableViewCell.h; sourceTree = "<group>"; };
		84C30A871ACF38E000D44E8C /* NewsTableViewCell.m */ = {isa = PBXFileReference; fileEncoding = 4; lastKnownFileType = sourcecode.c.objc; path = NewsTableViewCell.m; sourceTree = "<group>"; };
		84C30A881ACF38E000D44E8C /* NewsTableViewCell.xib */ = {isa = PBXFileReference; fileEncoding = 4; lastKnownFileType = file.xib; path = NewsTableViewCell.xib; sourceTree = "<group>"; };
		84DB4E101AB7774100D7BA12 /* NewsViewController.h */ = {isa = PBXFileReference; fileEncoding = 4; lastKnownFileType = sourcecode.c.h; path = NewsViewController.h; sourceTree = "<group>"; };
		84DB4E111AB7774100D7BA12 /* NewsViewController.m */ = {isa = PBXFileReference; fileEncoding = 4; lastKnownFileType = sourcecode.c.objc; path = NewsViewController.m; sourceTree = "<group>"; };
		84DB4E131AB7776400D7BA12 /* TeamViewController.h */ = {isa = PBXFileReference; fileEncoding = 4; lastKnownFileType = sourcecode.c.h; path = TeamViewController.h; sourceTree = "<group>"; };
		84DB4E141AB7776400D7BA12 /* TeamViewController.m */ = {isa = PBXFileReference; fileEncoding = 4; lastKnownFileType = sourcecode.c.objc; path = TeamViewController.m; sourceTree = "<group>"; };
		84EA84051ACB5B2B00D51EB0 /* Contacts.h */ = {isa = PBXFileReference; fileEncoding = 4; lastKnownFileType = sourcecode.c.h; path = Contacts.h; sourceTree = "<group>"; };
		84EA84061ACB5B2B00D51EB0 /* Contacts.m */ = {isa = PBXFileReference; fileEncoding = 4; lastKnownFileType = sourcecode.c.objc; path = Contacts.m; sourceTree = "<group>"; };
		84EBBAF21AC4527E00DF6E9D /* Employe.h */ = {isa = PBXFileReference; fileEncoding = 4; lastKnownFileType = sourcecode.c.h; path = Employe.h; sourceTree = "<group>"; };
		84EBBAF31AC4527E00DF6E9D /* Employe.m */ = {isa = PBXFileReference; fileEncoding = 4; lastKnownFileType = sourcecode.c.objc; path = Employe.m; sourceTree = "<group>"; };
		84EBBAF51AC454D900DF6E9D /* DataManager.h */ = {isa = PBXFileReference; fileEncoding = 4; lastKnownFileType = sourcecode.c.h; path = DataManager.h; sourceTree = "<group>"; };
		84EBBAF61AC454D900DF6E9D /* DataManager.m */ = {isa = PBXFileReference; fileEncoding = 4; lastKnownFileType = sourcecode.c.objc; path = DataManager.m; sourceTree = "<group>"; };
		929081B71B03790A00AB8736 /* GAI.h */ = {isa = PBXFileReference; fileEncoding = 4; lastKnownFileType = sourcecode.c.h; path = GAI.h; sourceTree = "<group>"; };
		929081B81B03790A00AB8736 /* GAIDictionaryBuilder.h */ = {isa = PBXFileReference; fileEncoding = 4; lastKnownFileType = sourcecode.c.h; path = GAIDictionaryBuilder.h; sourceTree = "<group>"; };
		929081B91B03790A00AB8736 /* GAIEcommerceFields.h */ = {isa = PBXFileReference; fileEncoding = 4; lastKnownFileType = sourcecode.c.h; path = GAIEcommerceFields.h; sourceTree = "<group>"; };
		929081BA1B03790A00AB8736 /* GAIEcommerceProduct.h */ = {isa = PBXFileReference; fileEncoding = 4; lastKnownFileType = sourcecode.c.h; path = GAIEcommerceProduct.h; sourceTree = "<group>"; };
		929081BB1B03790A00AB8736 /* GAIEcommerceProductAction.h */ = {isa = PBXFileReference; fileEncoding = 4; lastKnownFileType = sourcecode.c.h; path = GAIEcommerceProductAction.h; sourceTree = "<group>"; };
		929081BC1B03790A00AB8736 /* GAIEcommercePromotion.h */ = {isa = PBXFileReference; fileEncoding = 4; lastKnownFileType = sourcecode.c.h; path = GAIEcommercePromotion.h; sourceTree = "<group>"; };
		929081BD1B03790A00AB8736 /* GAIFields.h */ = {isa = PBXFileReference; fileEncoding = 4; lastKnownFileType = sourcecode.c.h; path = GAIFields.h; sourceTree = "<group>"; };
		929081BE1B03790A00AB8736 /* GAILogger.h */ = {isa = PBXFileReference; fileEncoding = 4; lastKnownFileType = sourcecode.c.h; path = GAILogger.h; sourceTree = "<group>"; };
		929081BF1B03790A00AB8736 /* GAITrackedViewController.h */ = {isa = PBXFileReference; fileEncoding = 4; lastKnownFileType = sourcecode.c.h; path = GAITrackedViewController.h; sourceTree = "<group>"; };
		929081C01B03790A00AB8736 /* GAITracker.h */ = {isa = PBXFileReference; fileEncoding = 4; lastKnownFileType = sourcecode.c.h; path = GAITracker.h; sourceTree = "<group>"; };
		929081C11B03792E00AB8736 /* libsqlite3.dylib */ = {isa = PBXFileReference; lastKnownFileType = "compiled.mach-o.dylib"; name = libsqlite3.dylib; path = usr/lib/libsqlite3.dylib; sourceTree = SDKROOT; };
		929081C31B03798000AB8736 /* libGoogleAnalyticsServices.a */ = {isa = PBXFileReference; lastKnownFileType = archive.ar; path = libGoogleAnalyticsServices.a; sourceTree = "<group>"; };
		C1AD7FFDC3FB61C4705150C0 /* libPods-Hromadske.a */ = {isa = PBXFileReference; explicitFileType = archive.ar; includeInIndex = 0; path = "libPods-Hromadske.a"; sourceTree = BUILT_PRODUCTS_DIR; };
/* End PBXFileReference section */

/* Begin PBXFrameworksBuildPhase section */
		84C22FCD1AB77282006C8C2E /* Frameworks */ = {
			isa = PBXFrameworksBuildPhase;
			buildActionMask = 2147483647;
			files = (
				929081C21B03792E00AB8736 /* libsqlite3.dylib in Frameworks */,
				84A159A61AF00D0C008AD999 /* AVFoundation.framework in Frameworks */,
				84A159A71AF00D0C008AD999 /* CoreData.framework in Frameworks */,
				84A159A81AF00D0C008AD999 /* CoreLocation.framework in Frameworks */,
				84A159A91AF00D0C008AD999 /* CoreText.framework in Frameworks */,
				84A159AA1AF00D0C008AD999 /* GLKit.framework in Frameworks */,
				84A159AB1AF00D0C008AD999 /* ImageIO.framework in Frameworks */,
				84A159AC1AF00D0C008AD999 /* libc++.dylib in Frameworks */,
				84A159AD1AF00D0C008AD999 /* libicucore.dylib in Frameworks */,
				84A159AE1AF00D0C008AD999 /* libz.dylib in Frameworks */,
				84A159AF1AF00D0C008AD999 /* OpenGLES.framework in Frameworks */,
				929081C41B03798000AB8736 /* libGoogleAnalyticsServices.a in Frameworks */,
				84A159B01AF00D0C008AD999 /* QuartzCore.framework in Frameworks */,
				84A159B11AF00D0C008AD999 /* SystemConfiguration.framework in Frameworks */,
				84A159971AF00A3E008AD999 /* GoogleMaps.framework in Frameworks */,
				43759B4762AA269357A4E50D /* libPods-Hromadske.a in Frameworks */,
			);
			runOnlyForDeploymentPostprocessing = 0;
		};
		84C22FE91AB77283006C8C2E /* Frameworks */ = {
			isa = PBXFrameworksBuildPhase;
			buildActionMask = 2147483647;
			files = (
			);
			runOnlyForDeploymentPostprocessing = 0;
		};
/* End PBXFrameworksBuildPhase section */

/* Begin PBXGroup section */
		7DBEA62B796CE2A97254AEB1 /* Pods */ = {
			isa = PBXGroup;
			children = (
				42D1E92929CBD39F9F08E36D /* Pods-Hromadske.debug.xcconfig */,
				1938097AA927F14D5DD9C3EF /* Pods-Hromadske.release.xcconfig */,
			);
			name = Pods;
			sourceTree = "<group>";
		};
		849F6A191AC6146B00FC3560 /* ViewControllers */ = {
			isa = PBXGroup;
			children = (
				84A9972C1AC9DA03007876F1 /* BaseViewController.h */,
				84A9972D1AC9DA03007876F1 /* BaseViewController.m */,
				8405379A1AB776E500AC7971 /* MenuViewController.h */,
				8405379B1AB776E500AC7971 /* MenuViewController.m */,
				84DB4E101AB7774100D7BA12 /* NewsViewController.h */,
				84DB4E111AB7774100D7BA12 /* NewsViewController.m */,
				847EEFE11AE1A95800E600B4 /* NewsDetailsViewController.h */,
				847EEFE21AE1A95800E600B4 /* NewsDetailsViewController.m */,
				84DB4E131AB7776400D7BA12 /* TeamViewController.h */,
				84DB4E141AB7776400D7BA12 /* TeamViewController.m */,
				849D28781ABB39C300AB07BC /* HelpProjectViewController.h */,
				849D28791ABB39C300AB07BC /* HelpProjectViewController.m */,
				849D287B1ABB3B8800AB07BC /* ContactsViewController.h */,
				849D287C1ABB3B8800AB07BC /* ContactsViewController.m */,
			);
			name = ViewControllers;
			sourceTree = "<group>";
		};
		84A356F91ACDEF8300A604F7 /* Cells */ = {
			isa = PBXGroup;
			children = (
				84C30A861ACF38E000D44E8C /* NewsTableViewCell.h */,
				84C30A871ACF38E000D44E8C /* NewsTableViewCell.m */,
				84C30A881ACF38E000D44E8C /* NewsTableViewCell.xib */,
				840DD8D71ABB4C1B00EC6923 /* TeamViewCell.h */,
				840DD8D81ABB4C1B00EC6923 /* TeamViewCell.m */,
				840DD8D91ABB4C1B00EC6923 /* TeamViewCell.xib */,
				8410326E1AE41A20006E34C4 /* MenuItemCell.h */,
				8410326F1AE41A20006E34C4 /* MenuItemCell.m */,
				841032701AE41A20006E34C4 /* MenuItemCell.xib */,
			);
			name = Cells;
			sourceTree = "<group>";
		};
		84A356FA1ACDEF9E00A604F7 /* Managers */ = {
			isa = PBXGroup;
			children = (
				845BA1551AB777AF000E7204 /* ControllersManager.h */,
				845BA1561AB777AF000E7204 /* ControllersManager.m */,
				84A2A6871ABB7D59004862E6 /* RemoteManager.h */,
				84A2A6881ABB7D59004862E6 /* RemoteManager.m */,
				84EBBAF51AC454D900DF6E9D /* DataManager.h */,
				84EBBAF61AC454D900DF6E9D /* DataManager.m */,
				849D0A621AE1A070003D9DE1 /* DateFormatter.h */,
				849D0A631AE1A070003D9DE1 /* DateFormatter.m */,
				8457428F1AEAD2F4000AF3DD /* NetworkTracker.h */,
				845742901AEAD2F4000AF3DD /* NetworkTracker.m */,
				844CDDC11AF56F750031470D /* HTMLManager.h */,
				844CDDC21AF56F750031470D /* HTMLManager.m */,
			);
			name = Managers;
			sourceTree = "<group>";
		};
		84C22FC71AB77282006C8C2E = {
			isa = PBXGroup;
			children = (
				84C22FD21AB77282006C8C2E /* Hromadske */,
				84C22FEF1AB77283006C8C2E /* HromadskeTests */,
				84C22FD11AB77282006C8C2E /* Products */,
				7DBEA62B796CE2A97254AEB1 /* Pods */,
				D800507DE9DBD1A7AE84A1C0 /* Frameworks */,
			);
			sourceTree = "<group>";
		};
		84C22FD11AB77282006C8C2E /* Products */ = {
			isa = PBXGroup;
			children = (
				84C22FD01AB77282006C8C2E /* hromadske.app */,
				84C22FEC1AB77283006C8C2E /* HromadskeTests.xctest */,
			);
			name = Products;
			sourceTree = "<group>";
		};
		84C22FD21AB77282006C8C2E /* Hromadske */ = {
			isa = PBXGroup;
			children = (
				84A159941AF002F8008AD999 /* kopilka.jpg */,
				84C22FD71AB77282006C8C2E /* AppDelegate.h */,
				84C22FD81AB77282006C8C2E /* AppDelegate.m */,
				847D71D21AE286EF000477FE /* Constants.h */,
				84A356FA1ACDEF9E00A604F7 /* Managers */,
				84A356F91ACDEF8300A604F7 /* Cells */,
				849F6A191AC6146B00FC3560 /* ViewControllers */,
				84EA84081ACB5B3C00D51EB0 /* DataClasses */,
				84C22FE01AB77283006C8C2E /* Main.storyboard */,
				84C22FE31AB77283006C8C2E /* Images.xcassets */,
				84C22FDA1AB77283006C8C2E /* Hromadske.xcdatamodeld */,
				84C22FD31AB77282006C8C2E /* Supporting Files */,
				849F82741AE955ED00EF2125 /* StreamView.h */,
				849F82751AE955ED00EF2125 /* StreamView.m */,
				849F82771AE9562200EF2125 /* StreamView.xib */,
				8436031A1AEA629600EC66EA /* NewArticlesView.h */,
				8436031B1AEA629600EC66EA /* NewArticlesView.m */,
				8436031F1AEA687400EC66EA /* NewArticlesView.xib */,
			);
			path = Hromadske;
			sourceTree = "<group>";
		};
		84C22FD31AB77282006C8C2E /* Supporting Files */ = {
			isa = PBXGroup;
			children = (
				84C22FD41AB77282006C8C2E /* Info.plist */,
				84C22FD51AB77282006C8C2E /* main.m */,
			);
			name = "Supporting Files";
			sourceTree = "<group>";
		};
		84C22FEF1AB77283006C8C2E /* HromadskeTests */ = {
			isa = PBXGroup;
			children = (
				84C22FF21AB77283006C8C2E /* HromadskeTests.m */,
				84C22FF01AB77283006C8C2E /* Supporting Files */,
			);
			path = HromadskeTests;
			sourceTree = "<group>";
		};
		84C22FF01AB77283006C8C2E /* Supporting Files */ = {
			isa = PBXGroup;
			children = (
				84C22FF11AB77283006C8C2E /* Info.plist */,
			);
			name = "Supporting Files";
			sourceTree = "<group>";
		};
		84EA84081ACB5B3C00D51EB0 /* DataClasses */ = {
			isa = PBXGroup;
			children = (
				4F74DBBE1B6F8AF7003B8BEA /* Articles.h */,
				4F74DBBF1B6F8AF7003B8BEA /* Articles.m */,
				4F74DBC01B6F8AF7003B8BEA /* Categories.h */,
				4F74DBC11B6F8AF7003B8BEA /* Categories.m */,
				84A439361AE5BB67002C0A98 /* RateAndWeather.h */,
				84A439371AE5BB67002C0A98 /* RateAndWeather.m */,
				8472D13F1ADDA8E600F188E9 /* Photo.h */,
				8472D1401ADDA8E600F188E9 /* Photo.m */,
				8472D13C1ADDA8E600F188E9 /* Link.h */,
				8472D13D1ADDA8E600F188E9 /* Link.m */,
				8472D1361ADDA8E600F188E9 /* Video.h */,
				8472D1371ADDA8E600F188E9 /* Video.m */,
				84EBBAF21AC4527E00DF6E9D /* Employe.h */,
				84EBBAF31AC4527E00DF6E9D /* Employe.m */,
				84EA84051ACB5B2B00D51EB0 /* Contacts.h */,
				84EA84061ACB5B2B00D51EB0 /* Contacts.m */,
				8434AA291ACB5DD000523C10 /* HelpProject.h */,
				8434AA2A1ACB5DD000523C10 /* HelpProject.m */,
			);
			name = DataClasses;
			sourceTree = "<group>";
		};
		929081B61B0378E200AB8736 /* GoogleAnalytics */ = {
			isa = PBXGroup;
			children = (
				929081C31B03798000AB8736 /* libGoogleAnalyticsServices.a */,
				929081B71B03790A00AB8736 /* GAI.h */,
				929081B81B03790A00AB8736 /* GAIDictionaryBuilder.h */,
				929081B91B03790A00AB8736 /* GAIEcommerceFields.h */,
				929081BA1B03790A00AB8736 /* GAIEcommerceProduct.h */,
				929081BB1B03790A00AB8736 /* GAIEcommerceProductAction.h */,
				929081BC1B03790A00AB8736 /* GAIEcommercePromotion.h */,
				929081BD1B03790A00AB8736 /* GAIFields.h */,
				929081BE1B03790A00AB8736 /* GAILogger.h */,
				929081BF1B03790A00AB8736 /* GAITrackedViewController.h */,
				929081C01B03790A00AB8736 /* GAITracker.h */,
			);
			name = GoogleAnalytics;
			sourceTree = "<group>";
		};
		D800507DE9DBD1A7AE84A1C0 /* Frameworks */ = {
			isa = PBXGroup;
			children = (
				929081C11B03792E00AB8736 /* libsqlite3.dylib */,
				929081B61B0378E200AB8736 /* GoogleAnalytics */,
				84A159981AF00B97008AD999 /* GoogleMaps.bundle */,
				84A1599A1AF00D0C008AD999 /* AVFoundation.framework */,
				84A1599B1AF00D0C008AD999 /* CoreData.framework */,
				84A1599C1AF00D0C008AD999 /* CoreLocation.framework */,
				84A1599D1AF00D0C008AD999 /* CoreText.framework */,
				84A1599E1AF00D0C008AD999 /* GLKit.framework */,
				84A1599F1AF00D0C008AD999 /* ImageIO.framework */,
				84A159A01AF00D0C008AD999 /* libc++.dylib */,
				84A159A11AF00D0C008AD999 /* libicucore.dylib */,
				84A159A21AF00D0C008AD999 /* libz.dylib */,
				84A159A31AF00D0C008AD999 /* OpenGLES.framework */,
				84A159A41AF00D0C008AD999 /* QuartzCore.framework */,
				84A159A51AF00D0C008AD999 /* SystemConfiguration.framework */,
				84A159961AF00A3E008AD999 /* GoogleMaps.framework */,
				C1AD7FFDC3FB61C4705150C0 /* libPods-Hromadske.a */,
			);
			name = Frameworks;
			sourceTree = "<group>";
		};
/* End PBXGroup section */

/* Begin PBXNativeTarget section */
		84C22FCF1AB77282006C8C2E /* Hromadske */ = {
			isa = PBXNativeTarget;
			buildConfigurationList = 84C22FF61AB77283006C8C2E /* Build configuration list for PBXNativeTarget "Hromadske" */;
			buildPhases = (
				FE19BD801028F81CA7F5B375 /* Check Pods Manifest.lock */,
				84C22FCC1AB77282006C8C2E /* Sources */,
				84C22FCD1AB77282006C8C2E /* Frameworks */,
				84C22FCE1AB77282006C8C2E /* Resources */,
				43E2971518636B8DF521EE3C /* Copy Pods Resources */,
			);
			buildRules = (
			);
			dependencies = (
			);
			name = Hromadske;
			productName = Hromadske;
			productReference = 84C22FD01AB77282006C8C2E /* hromadske.app */;
			productType = "com.apple.product-type.application";
		};
		84C22FEB1AB77283006C8C2E /* HromadskeTests */ = {
			isa = PBXNativeTarget;
			buildConfigurationList = 84C22FF91AB77283006C8C2E /* Build configuration list for PBXNativeTarget "HromadskeTests" */;
			buildPhases = (
				84C22FE81AB77283006C8C2E /* Sources */,
				84C22FE91AB77283006C8C2E /* Frameworks */,
				84C22FEA1AB77283006C8C2E /* Resources */,
			);
			buildRules = (
			);
			dependencies = (
				84C22FEE1AB77283006C8C2E /* PBXTargetDependency */,
			);
			name = HromadskeTests;
			productName = HromadskeTests;
			productReference = 84C22FEC1AB77283006C8C2E /* HromadskeTests.xctest */;
			productType = "com.apple.product-type.bundle.unit-test";
		};
/* End PBXNativeTarget section */

/* Begin PBXProject section */
		84C22FC81AB77282006C8C2E /* Project object */ = {
			isa = PBXProject;
			attributes = {
				LastUpgradeCheck = 0620;
				ORGANIZATIONNAME = "Semeniuk Sviatoslav";
				TargetAttributes = {
					84C22FCF1AB77282006C8C2E = {
						CreatedOnToolsVersion = 6.2;
						DevelopmentTeam = KLU94V4U4X;
					};
					84C22FEB1AB77283006C8C2E = {
						CreatedOnToolsVersion = 6.2;
						DevelopmentTeam = KLU94V4U4X;
						TestTargetID = 84C22FCF1AB77282006C8C2E;
					};
				};
			};
			buildConfigurationList = 84C22FCB1AB77282006C8C2E /* Build configuration list for PBXProject "Hromadske" */;
			compatibilityVersion = "Xcode 3.2";
			developmentRegion = English;
			hasScannedForEncodings = 0;
			knownRegions = (
				en,
				Base,
			);
			mainGroup = 84C22FC71AB77282006C8C2E;
			productRefGroup = 84C22FD11AB77282006C8C2E /* Products */;
			projectDirPath = "";
			projectRoot = "";
			targets = (
				84C22FCF1AB77282006C8C2E /* Hromadske */,
				84C22FEB1AB77283006C8C2E /* HromadskeTests */,
			);
		};
/* End PBXProject section */

/* Begin PBXResourcesBuildPhase section */
		84C22FCE1AB77282006C8C2E /* Resources */ = {
			isa = PBXResourcesBuildPhase;
			buildActionMask = 2147483647;
			files = (
				843603201AEA687400EC66EA /* NewArticlesView.xib in Resources */,
				840DD8DB1ABB4C1B00EC6923 /* TeamViewCell.xib in Resources */,
				841032721AE41A20006E34C4 /* MenuItemCell.xib in Resources */,
				84A159951AF002F8008AD999 /* kopilka.jpg in Resources */,
				84C22FE21AB77283006C8C2E /* Main.storyboard in Resources */,
				84C30A8A1ACF38E000D44E8C /* NewsTableViewCell.xib in Resources */,
				84C22FE41AB77283006C8C2E /* Images.xcassets in Resources */,
				849F82781AE9562200EF2125 /* StreamView.xib in Resources */,
				84A159991AF00B97008AD999 /* GoogleMaps.bundle in Resources */,
			);
			runOnlyForDeploymentPostprocessing = 0;
		};
		84C22FEA1AB77283006C8C2E /* Resources */ = {
			isa = PBXResourcesBuildPhase;
			buildActionMask = 2147483647;
			files = (
			);
			runOnlyForDeploymentPostprocessing = 0;
		};
/* End PBXResourcesBuildPhase section */

/* Begin PBXShellScriptBuildPhase section */
		43E2971518636B8DF521EE3C /* Copy Pods Resources */ = {
			isa = PBXShellScriptBuildPhase;
			buildActionMask = 2147483647;
			files = (
			);
			inputPaths = (
			);
			name = "Copy Pods Resources";
			outputPaths = (
			);
			runOnlyForDeploymentPostprocessing = 0;
			shellPath = /bin/sh;
			shellScript = "\"${SRCROOT}/Pods/Target Support Files/Pods-Hromadske/Pods-Hromadske-resources.sh\"\n";
			showEnvVarsInLog = 0;
		};
		FE19BD801028F81CA7F5B375 /* Check Pods Manifest.lock */ = {
			isa = PBXShellScriptBuildPhase;
			buildActionMask = 2147483647;
			files = (
			);
			inputPaths = (
			);
			name = "Check Pods Manifest.lock";
			outputPaths = (
			);
			runOnlyForDeploymentPostprocessing = 0;
			shellPath = /bin/sh;
			shellScript = "diff \"${PODS_ROOT}/../Podfile.lock\" \"${PODS_ROOT}/Manifest.lock\" > /dev/null\nif [[ $? != 0 ]] ; then\n    cat << EOM\nerror: The sandbox is not in sync with the Podfile.lock. Run 'pod install' or update your CocoaPods installation.\nEOM\n    exit 1\nfi\n";
			showEnvVarsInLog = 0;
		};
/* End PBXShellScriptBuildPhase section */

/* Begin PBXSourcesBuildPhase section */
		84C22FCC1AB77282006C8C2E /* Sources */ = {
			isa = PBXSourcesBuildPhase;
			buildActionMask = 2147483647;
			files = (
				84C22FDC1AB77283006C8C2E /* Hromadske.xcdatamodeld in Sources */,
				8472D13E1ADDA8E600F188E9 /* Link.m in Sources */,
				849D0A641AE1A070003D9DE1 /* DateFormatter.m in Sources */,
				84A9972E1AC9DA03007876F1 /* BaseViewController.m in Sources */,
				8436031C1AEA629600EC66EA /* NewArticlesView.m in Sources */,
				84DB4E151AB7776400D7BA12 /* TeamViewController.m in Sources */,
				84C22FD91AB77282006C8C2E /* AppDelegate.m in Sources */,
				84EBBAF41AC4527E00DF6E9D /* Employe.m in Sources */,
				8472D1411ADDA8E600F188E9 /* Photo.m in Sources */,
				4F74DBC21B6F8AF7003B8BEA /* Articles.m in Sources */,
				84DB4E121AB7774100D7BA12 /* NewsViewController.m in Sources */,
				845BA1571AB777AF000E7204 /* ControllersManager.m in Sources */,
				8472D1381ADDA8E600F188E9 /* Video.m in Sources */,
				4F74DBC31B6F8AF7003B8BEA /* Categories.m in Sources */,
				84EBBAF71AC454D900DF6E9D /* DataManager.m in Sources */,
				84A439381AE5BB67002C0A98 /* RateAndWeather.m in Sources */,
				8434AA2B1ACB5DD000523C10 /* HelpProject.m in Sources */,
				849F82761AE955ED00EF2125 /* StreamView.m in Sources */,
				84EA84071ACB5B2B00D51EB0 /* Contacts.m in Sources */,
				847EEFE31AE1A95800E600B4 /* NewsDetailsViewController.m in Sources */,
				849D287A1ABB39C300AB07BC /* HelpProjectViewController.m in Sources */,
				84C30A891ACF38E000D44E8C /* NewsTableViewCell.m in Sources */,
				844CDDC31AF56F750031470D /* HTMLManager.m in Sources */,
				841032711AE41A20006E34C4 /* MenuItemCell.m in Sources */,
				84A2A6891ABB7D59004862E6 /* RemoteManager.m in Sources */,
				84C22FD61AB77282006C8C2E /* main.m in Sources */,
				840DD8DA1ABB4C1B00EC6923 /* TeamViewCell.m in Sources */,
				849D287D1ABB3B8800AB07BC /* ContactsViewController.m in Sources */,
				845742911AEAD2F4000AF3DD /* NetworkTracker.m in Sources */,
				8405379C1AB776E500AC7971 /* MenuViewController.m in Sources */,
			);
			runOnlyForDeploymentPostprocessing = 0;
		};
		84C22FE81AB77283006C8C2E /* Sources */ = {
			isa = PBXSourcesBuildPhase;
			buildActionMask = 2147483647;
			files = (
				84C22FF31AB77283006C8C2E /* HromadskeTests.m in Sources */,
			);
			runOnlyForDeploymentPostprocessing = 0;
		};
/* End PBXSourcesBuildPhase section */

/* Begin PBXTargetDependency section */
		84C22FEE1AB77283006C8C2E /* PBXTargetDependency */ = {
			isa = PBXTargetDependency;
			target = 84C22FCF1AB77282006C8C2E /* Hromadske */;
			targetProxy = 84C22FED1AB77283006C8C2E /* PBXContainerItemProxy */;
		};
/* End PBXTargetDependency section */

/* Begin PBXVariantGroup section */
		84C22FE01AB77283006C8C2E /* Main.storyboard */ = {
			isa = PBXVariantGroup;
			children = (
				84C22FE11AB77283006C8C2E /* Base */,
			);
			name = Main.storyboard;
			sourceTree = "<group>";
		};
/* End PBXVariantGroup section */

/* Begin XCBuildConfiguration section */
		84C22FF41AB77283006C8C2E /* Debug */ = {
			isa = XCBuildConfiguration;
			buildSettings = {
				ALWAYS_SEARCH_USER_PATHS = NO;
				CLANG_CXX_LANGUAGE_STANDARD = "gnu++0x";
				CLANG_CXX_LIBRARY = "libc++";
				CLANG_ENABLE_MODULES = YES;
				CLANG_ENABLE_OBJC_ARC = YES;
				CLANG_WARN_BOOL_CONVERSION = YES;
				CLANG_WARN_CONSTANT_CONVERSION = YES;
				CLANG_WARN_DIRECT_OBJC_ISA_USAGE = YES_ERROR;
				CLANG_WARN_EMPTY_BODY = YES;
				CLANG_WARN_ENUM_CONVERSION = YES;
				CLANG_WARN_INT_CONVERSION = YES;
				CLANG_WARN_OBJC_ROOT_CLASS = YES_ERROR;
				CLANG_WARN_UNREACHABLE_CODE = YES;
				CLANG_WARN__DUPLICATE_METHOD_MATCH = YES;
				"CODE_SIGN_IDENTITY[sdk=iphoneos*]" = "iPhone Developer";
				COPY_PHASE_STRIP = NO;
				ENABLE_STRICT_OBJC_MSGSEND = YES;
				GCC_C_LANGUAGE_STANDARD = gnu99;
				GCC_DYNAMIC_NO_PIC = NO;
				GCC_OPTIMIZATION_LEVEL = 0;
				GCC_PREPROCESSOR_DEFINITIONS = (
					"DEBUG=1",
					"$(inherited)",
				);
				GCC_SYMBOLS_PRIVATE_EXTERN = NO;
				GCC_WARN_64_TO_32_BIT_CONVERSION = YES;
				GCC_WARN_ABOUT_RETURN_TYPE = YES_ERROR;
				GCC_WARN_UNDECLARED_SELECTOR = YES;
				GCC_WARN_UNINITIALIZED_AUTOS = YES_AGGRESSIVE;
				GCC_WARN_UNUSED_FUNCTION = YES;
				GCC_WARN_UNUSED_VARIABLE = YES;
				IPHONEOS_DEPLOYMENT_TARGET = 7.1;
				MTL_ENABLE_DEBUG_INFO = YES;
				ONLY_ACTIVE_ARCH = YES;
				OTHER_LDFLAGS = "-ObjC";
				SDKROOT = iphoneos;
				TARGETED_DEVICE_FAMILY = "1,2";
			};
			name = Debug;
		};
		84C22FF51AB77283006C8C2E /* Release */ = {
			isa = XCBuildConfiguration;
			buildSettings = {
				ALWAYS_SEARCH_USER_PATHS = NO;
				CLANG_CXX_LANGUAGE_STANDARD = "gnu++0x";
				CLANG_CXX_LIBRARY = "libc++";
				CLANG_ENABLE_MODULES = YES;
				CLANG_ENABLE_OBJC_ARC = YES;
				CLANG_WARN_BOOL_CONVERSION = YES;
				CLANG_WARN_CONSTANT_CONVERSION = YES;
				CLANG_WARN_DIRECT_OBJC_ISA_USAGE = YES_ERROR;
				CLANG_WARN_EMPTY_BODY = YES;
				CLANG_WARN_ENUM_CONVERSION = YES;
				CLANG_WARN_INT_CONVERSION = YES;
				CLANG_WARN_OBJC_ROOT_CLASS = YES_ERROR;
				CLANG_WARN_UNREACHABLE_CODE = YES;
				CLANG_WARN__DUPLICATE_METHOD_MATCH = YES;
				"CODE_SIGN_IDENTITY[sdk=iphoneos*]" = "iPhone Developer";
				COPY_PHASE_STRIP = NO;
				ENABLE_NS_ASSERTIONS = NO;
				ENABLE_STRICT_OBJC_MSGSEND = YES;
				GCC_C_LANGUAGE_STANDARD = gnu99;
				GCC_WARN_64_TO_32_BIT_CONVERSION = YES;
				GCC_WARN_ABOUT_RETURN_TYPE = YES_ERROR;
				GCC_WARN_UNDECLARED_SELECTOR = YES;
				GCC_WARN_UNINITIALIZED_AUTOS = YES_AGGRESSIVE;
				GCC_WARN_UNUSED_FUNCTION = YES;
				GCC_WARN_UNUSED_VARIABLE = YES;
				IPHONEOS_DEPLOYMENT_TARGET = 7.1;
				MTL_ENABLE_DEBUG_INFO = NO;
				OTHER_LDFLAGS = "-ObjC";
				SDKROOT = iphoneos;
				TARGETED_DEVICE_FAMILY = "1,2";
				VALIDATE_PRODUCT = YES;
			};
			name = Release;
		};
		84C22FF71AB77283006C8C2E /* Debug */ = {
			isa = XCBuildConfiguration;
			baseConfigurationReference = 42D1E92929CBD39F9F08E36D /* Pods-Hromadske.debug.xcconfig */;
			buildSettings = {
				ASSETCATALOG_COMPILER_APPICON_NAME = AppIcon;
				ASSETCATALOG_COMPILER_LAUNCHIMAGE_NAME = LaunchImage;
				CODE_SIGN_IDENTITY = "iPhone Distribution: Timophiy Kozak (KLU94V4U4X)";
				"CODE_SIGN_IDENTITY[sdk=iphoneos*]" = "iPhone Distribution: Timophiy Kozak (KLU94V4U4X)";
				FRAMEWORK_SEARCH_PATHS = (
					"$(inherited)",
					"$(PROJECT_DIR)",
				);
				INFOPLIST_FILE = Hromadske/Info.plist;
				IPHONEOS_DEPLOYMENT_TARGET = 7.1;
				LD_RUNPATH_SEARCH_PATHS = "$(inherited) @executable_path/Frameworks";
				LIBRARY_SEARCH_PATHS = (
					"$(inherited)",
					"$(PROJECT_DIR)",
				);
				PRODUCT_NAME = hromadske;
				PROVISIONING_PROFILE = "cd7a9083-6212-403c-958b-d2f6fa05bfe5";
				TARGETED_DEVICE_FAMILY = 1;
			};
			name = Debug;
		};
		84C22FF81AB77283006C8C2E /* Release */ = {
			isa = XCBuildConfiguration;
			baseConfigurationReference = 1938097AA927F14D5DD9C3EF /* Pods-Hromadske.release.xcconfig */;
			buildSettings = {
				ASSETCATALOG_COMPILER_APPICON_NAME = AppIcon;
				ASSETCATALOG_COMPILER_LAUNCHIMAGE_NAME = LaunchImage;
				CODE_SIGN_IDENTITY = "iPhone Distribution: Timophiy Kozak (KLU94V4U4X)";
				"CODE_SIGN_IDENTITY[sdk=iphoneos*]" = "iPhone Distribution: Timophiy Kozak (KLU94V4U4X)";
				FRAMEWORK_SEARCH_PATHS = (
					"$(inherited)",
					"$(PROJECT_DIR)",
				);
				INFOPLIST_FILE = Hromadske/Info.plist;
				IPHONEOS_DEPLOYMENT_TARGET = 7.1;
				LD_RUNPATH_SEARCH_PATHS = "$(inherited) @executable_path/Frameworks";
				LIBRARY_SEARCH_PATHS = (
					"$(inherited)",
					"$(PROJECT_DIR)",
				);
				PRODUCT_NAME = hromadske;
				PROVISIONING_PROFILE = "cd7a9083-6212-403c-958b-d2f6fa05bfe5";
				TARGETED_DEVICE_FAMILY = 1;
			};
			name = Release;
		};
		84C22FFA1AB77283006C8C2E /* Debug */ = {
			isa = XCBuildConfiguration;
			buildSettings = {
				BUNDLE_LOADER = "$(TEST_HOST)";
				CODE_SIGN_IDENTITY = "iPhone Developer";
				"CODE_SIGN_IDENTITY[sdk=iphoneos*]" = "iPhone Developer";
				FRAMEWORK_SEARCH_PATHS = (
					"$(SDKROOT)/Developer/Library/Frameworks",
					"$(inherited)",
				);
				GCC_PREPROCESSOR_DEFINITIONS = (
					"DEBUG=1",
					"$(inherited)",
				);
				INFOPLIST_FILE = HromadskeTests/Info.plist;
				LD_RUNPATH_SEARCH_PATHS = "$(inherited) @executable_path/Frameworks @loader_path/Frameworks";
				LIBRARY_SEARCH_PATHS = (
					"$(inherited)",
					"$(PROJECT_DIR)",
				);
				PRODUCT_NAME = "$(TARGET_NAME)";
				PROVISIONING_PROFILE = "";
				TEST_HOST = "$(BUILT_PRODUCTS_DIR)/Hromadske.app/Hromadske";
			};
			name = Debug;
		};
		84C22FFB1AB77283006C8C2E /* Release */ = {
			isa = XCBuildConfiguration;
			buildSettings = {
				BUNDLE_LOADER = "$(TEST_HOST)";
				CODE_SIGN_IDENTITY = "iPhone Developer";
				"CODE_SIGN_IDENTITY[sdk=iphoneos*]" = "iPhone Developer";
				FRAMEWORK_SEARCH_PATHS = (
					"$(SDKROOT)/Developer/Library/Frameworks",
					"$(inherited)",
				);
				INFOPLIST_FILE = HromadskeTests/Info.plist;
				LD_RUNPATH_SEARCH_PATHS = "$(inherited) @executable_path/Frameworks @loader_path/Frameworks";
				LIBRARY_SEARCH_PATHS = (
					"$(inherited)",
					"$(PROJECT_DIR)",
				);
				PRODUCT_NAME = "$(TARGET_NAME)";
				PROVISIONING_PROFILE = "";
				TEST_HOST = "$(BUILT_PRODUCTS_DIR)/Hromadske.app/Hromadske";
			};
			name = Release;
		};
/* End XCBuildConfiguration section */

/* Begin XCConfigurationList section */
		84C22FCB1AB77282006C8C2E /* Build configuration list for PBXProject "Hromadske" */ = {
			isa = XCConfigurationList;
			buildConfigurations = (
				84C22FF41AB77283006C8C2E /* Debug */,
				84C22FF51AB77283006C8C2E /* Release */,
			);
			defaultConfigurationIsVisible = 0;
			defaultConfigurationName = Release;
		};
		84C22FF61AB77283006C8C2E /* Build configuration list for PBXNativeTarget "Hromadske" */ = {
			isa = XCConfigurationList;
			buildConfigurations = (
				84C22FF71AB77283006C8C2E /* Debug */,
				84C22FF81AB77283006C8C2E /* Release */,
			);
			defaultConfigurationIsVisible = 0;
			defaultConfigurationName = Release;
		};
		84C22FF91AB77283006C8C2E /* Build configuration list for PBXNativeTarget "HromadskeTests" */ = {
			isa = XCConfigurationList;
			buildConfigurations = (
				84C22FFA1AB77283006C8C2E /* Debug */,
				84C22FFB1AB77283006C8C2E /* Release */,
			);
			defaultConfigurationIsVisible = 0;
			defaultConfigurationName = Release;
		};
/* End XCConfigurationList section */

/* Begin XCVersionGroup section */
		84C22FDA1AB77283006C8C2E /* Hromadske.xcdatamodeld */ = {
			isa = XCVersionGroup;
			children = (
				84C22FDB1AB77283006C8C2E /* Hromadske.xcdatamodel */,
			);
			currentVersion = 84C22FDB1AB77283006C8C2E /* Hromadske.xcdatamodel */;
			path = Hromadske.xcdatamodeld;
			sourceTree = "<group>";
			versionGroupType = wrapper.xcdatamodel;
		};
/* End XCVersionGroup section */
	};
	rootObject = 84C22FC81AB77282006C8C2E /* Project object */;
}
